PODS:
  - Alamofire (4.9.1)
  - AliPlayerSDK_iOS (5.1.5.1):
    - AliPlayerSDK_iOS/AliPlayerSDK (= 5.1.5.1)
  - AliPlayerSDK_iOS/AliPlayerSDK (5.1.5.1)
  - AliyunOSSiOS (2.10.8)
  - EmptyDataSet-Swift (5.0.0)
  - ESPullToRefresh (2.9.3)
  - ESTabBarController-swift (2.8.0)
  - FDStackView (1.0.1)
  - IQKeyboardManagerSwift (6.5.6)
  - JXSegmentedView (1.2.7)
  - Kingfisher (4.10.1)
  - MJRefresh (3.4.3)
  - Moya (13.0.1):
    - Moya/Core (= 13.0.1)
  - Moya/Core (13.0.1):
    - Alamofire (~> 4.1)
    - Result (~> 4.1)
  - PLVMarquee (0.0.4)
  - PLVMasonry (1.1.2)
  - PLVSubtitle (0.1.2)
  - PLVTimer (0.0.4)
  - PLVVodDanmu (0.0.1)
  - PolyvAliHttpDNS (1.7.4):
    - PolyvAliHttpDNS/AlicloudHttpDNS (= 1.7.4)
    - PolyvAliHttpDNS/AlicloudUtils (= 1.7.4)
    - PolyvAliHttpDNS/UTDID (= 1.7.4)
  - PolyvAliHttpDNS/AlicloudHttpDNS (1.7.4)
  - PolyvAliHttpDNS/AlicloudUtils (1.7.4)
  - PolyvAliHttpDNS/UTDID (1.7.4)
  - PolyvIJKPlayer (0.8.0)
  - PolyvVodSDK (2.12.0):
    - PolyvVodSDK/Core (= 2.12.0)
    - PolyvVodSDK/Player (= 2.12.0)
    - PolyvVodSDK/ThirdPart (= 2.12.0)
  - PolyvVodSDK/Core (2.12.0):
    - PLVMarquee (~> 0.0.4)
    - PLVTimer (~> 0.0.2)
  - PolyvVodSDK/Player (2.12.0):
    - PolyvIJKPlayer (~> 0.8.0)
  - PolyvVodSDK/ThirdPart (2.12.0):
    - PolyvAliHttpDNS (~> 1.7.3)
    - SSZipArchive (~> 2.1.5)
    - WCDB (~> 1.0.6)
  - Result (4.1.0)
  - RxCocoa (5.1.1):
    - RxRelay (~> 5)
    - RxSwift (~> 5)
  - RxGesture (3.0.2):
    - RxCocoa (~> 5.1)
    - RxSwift (~> 5.1)
  - RxRelay (5.1.1):
    - RxSwift (~> 5)
  - RxSwift (5.1.1)
  - SKPhotoBrowser (6.1.0)
  - SnapKit (4.2.0)
  - SQLiteRepairKit (1.2.2):
    - WCDBOptimizedSQLCipher (~> 1.2.0)
  - SSZipArchive (2.1.5)
  - SwifterSwift (5.1.0):
    - SwifterSwift/AppKit (= 5.1.0)
    - SwifterSwift/CoreGraphics (= 5.1.0)
    - SwifterSwift/CoreLocation (= 5.1.0)
    - SwifterSwift/Dispatch (= 5.1.0)
    - SwifterSwift/Foundation (= 5.1.0)
    - SwifterSwift/MapKit (= 5.1.0)
    - SwifterSwift/SceneKit (= 5.1.0)
    - SwifterSwift/SpriteKit (= 5.1.0)
    - SwifterSwift/SwiftStdlib (= 5.1.0)
    - SwifterSwift/UIKit (= 5.1.0)
  - SwifterSwift/AppKit (5.1.0)
  - SwifterSwift/CoreGraphics (5.1.0)
  - SwifterSwift/CoreLocation (5.1.0)
  - SwifterSwift/Dispatch (5.1.0)
  - SwifterSwift/Foundation (5.1.0)
  - SwifterSwift/MapKit (5.1.0)
  - SwifterSwift/SceneKit (5.1.0)
  - SwifterSwift/SpriteKit (5.1.0)
  - SwifterSwift/SwiftStdlib (5.1.0)
  - SwifterSwift/UIKit (5.1.0)
  - SwiftyFitsize (1.0.1)
  - SwiftyJSON (5.0.0)
  - VODUpload (1.6.1):
    - AliyunOSSiOS
  - WCDB (1.0.7.5):
    - SQLiteRepairKit (~> 1.2.0)
    - WCDBOptimizedSQLCipher (~> 1.2.0)
  - WCDBOptimizedSQLCipher (1.2.1)
  - YYCache (1.0.4)
  - YYImage (1.0.4):
    - YYImage/Core (= 1.0.4)
  - YYImage/Core (1.0.4)
  - YYWebImage (1.0.5):
    - YYCache
    - YYImage

DEPENDENCIES:
  - Alamofire
  - AliPlayerSDK_iOS
  - EmptyDataSet-Swift
  - ESPullToRefresh
  - ESTabBarController-swift
  - FDStackView
  - IQKeyboardManagerSwift
  - JXSegmentedView
  - Kingfisher
  - MJRefresh
  - Moya
  - PLVMasonry
  - PLVSubtitle
  - PLVVodDanmu
  - PolyvVodSDK
  - RxCocoa
  - RxGesture
  - RxSwift
  - SKPhotoBrowser
  - SnapKit
  - SwifterSwift
  - SwiftyFitsize
  - SwiftyJSON
  - VODUpload
  - YYWebImage

SPEC REPOS:
  https://github.com/CocoaPods/Specs.git:
    - Alamofire
    - AliPlayerSDK_iOS
    - AliyunOSSiOS
    - EmptyDataSet-Swift
    - ESPullToRefresh
    - ESTabBarController-swift
    - FDStackView
    - IQKeyboardManagerSwift
    - JXSegmentedView
    - Kingfisher
    - MJRefresh
    - Moya
    - PLVMarquee
    - PLVMasonry
    - PLVSubtitle
    - PLVTimer
    - PLVVodDanmu
    - PolyvAliHttpDNS
    - PolyvIJKPlayer
    - PolyvVodSDK
    - Result
    - RxCocoa
    - RxGesture
    - RxRelay
    - RxSwift
    - SKPhotoBrowser
    - SnapKit
    - SQLiteRepairKit
    - SSZipArchive
    - SwifterSwift
    - SwiftyFitsize
    - SwiftyJSON
    - VODUpload
    - WCDB
    - WCDBOptimizedSQLCipher
    - YYCache
    - YYImage
    - YYWebImage

SPEC CHECKSUMS:
  Alamofire: 85e8a02c69d6020a0d734f6054870d7ecb75cf18
  AliPlayerSDK_iOS: ab4d839dfda622b127e88c8cf3eb2ead4b62b139
  AliyunOSSiOS: 8db92936545593b9e5c66d680ef2ac0738946651
  EmptyDataSet-Swift: eb382c0c87a2d9c678077385a595cec52da38171
  ESPullToRefresh: 0d68daa602b343c81753a1b95e09fd0bfcddfd40
  ESTabBarController-swift: 05593a6ad64700b03c0eb60ff625916370aa4136
  FDStackView: fc0697e5be2022c8af36ce66e9e2061006058ba8
  IQKeyboardManagerSwift: c7df9d2deb356c04522f5c4b7b6e4ce4d8ed94fe
  JXSegmentedView: eb1cad21f57c2543c00c3e08b8fd3c7ca54f5acd
  Kingfisher: c148cd7b47ebde9989f6bc7c27dcaa79d81279a0
  MJRefresh: 53e3e3219f204425ee6d3e62e8733d3295944cd6
  Moya: f4a4b80ff2f8a4ffc208dfb31cd91636622fee6e
  PLVMarquee: 7b22d5a12868817642e0a71cf4aa5ccc285b8a22
  PLVMasonry: e8426b8747b2c32e14da0b8aa6b268316555060a
  PLVSubtitle: 7701ea0e0c9e0868e7c87b07f28e9e099dba4442
  PLVTimer: 80d2d24d32bb2e9588d089fc25974ff778259ae1
  PLVVodDanmu: 7f6663e2bbc3bf93a94b9bd3a404e1760b3d3511
  PolyvAliHttpDNS: 6e7783feba44d25abc4f9584da83f93e7e4ef957
  PolyvIJKPlayer: 1fce802e28d8cc1876eba94d6e2f868879e48926
  PolyvVodSDK: f2c1dbc741b2766f950672890b7a305b7ed7687d
  Result: bd966fac789cc6c1563440b348ab2598cc24d5c7
  RxCocoa: 32065309a38d29b5b0db858819b5bf9ef038b601
  RxGesture: d6bd7447ca3a596c7a9702a6a2b6a2bb5d8bae54
  RxRelay: d77f7d771495f43c556cbc43eebd1bb54d01e8e9
  RxSwift: 81470a2074fa8780320ea5fe4102807cb7118178
  SKPhotoBrowser: 343de95d89dc7913763c5dda243cc6e606e4a168
  SnapKit: fe8a619752f3f27075cc9a90244d75c6c3f27e2a
  SQLiteRepairKit: 35aaae5a8838adb85f5b1eb4d796055be6060a4b
  SSZipArchive: cefe1364104a0231268a5deb8495bdf2861f52f0
  SwifterSwift: a9e8e144832638c2850b43da5feaf9598c6ad65b
  SwiftyFitsize: ea06788e0c57b818112e238070bdfa9800aedc21
  SwiftyJSON: 36413e04c44ee145039d332b4f4e2d3e8d6c4db7
  VODUpload: 2c8ac654ceda839dda97a92023a270041dd9901e
  WCDB: 8e90babdeb7784c569353a4bd22a66c0a175a882
  WCDBOptimizedSQLCipher: baf44493b0c7a3d49e97bc5b64a3856f6428ddd1
  YYCache: 8105b6638f5e849296c71f331ff83891a4942952
  YYImage: 1e1b62a9997399593e4b9c4ecfbbabbf1d3f3b54
  YYWebImage: 5f7f36aee2ae293f016d418c7d6ba05c4863e928

PODFILE CHECKSUM: ef26bf0f8b274a49025a9a71e9691351bdb3bb3a

COCOAPODS: 1.8.4
